
Microsoft Visual Studio Solution File, Format Version 12.00
# Visual Studio Version 17
VisualStudioVersion = 17.4.33213.308
MinimumVisualStudioVersion = 10.0.40219.1
Project("{9A19103F-16F7-4668-BE54-9A1E7A4F7556}") = "BetterShadows", "BetterShadows.csproj", "{A8D8C5B1-5ECE-4359-9CA5-0B035363674C}"
EndProject
Global
	GlobalSection(SolutionConfigurationPlatforms) = preSolution
		Debug|Any CPU = Debug|Any CPU
		Release|Any CPU = Release|Any CPU
	EndGlobalSection
	GlobalSection(ProjectConfigurationPlatforms) = postSolution
		{A8D8C5B1-5ECE-4359-9CA5-0B035363674C}.Debug|Any CPU.ActiveCfg = Debug|Any CPU
		{A8D8C5B1-5ECE-4359-9CA5-0B035363674C}.Debug|Any CPU.Build.0 = Debug|Any CPU
		{A8D8C5B1-5ECE-4359-9CA5-0B035363674C}.Release|Any CPU.ActiveCfg = Release|Any CPU
		{A8D8C5B1-5ECE-4359-9CA5-0B035363674C}.Release|Any CPU.Build.0 = Release|Any CPU
	EndGlobalSection
	GlobalSection(SolutionProperties) = preSolution
		HideSolutionNode = FALSE
	EndGlobalSection
	GlobalSection(ExtensibilityGlobals) = postSolution
		SolutionGuid = {F2E4371C-7A9B-4449-BEE7-80F653B11ED9}
	EndGlobalSection
EndGlobal
